
Microsoft Visual Studio Solution File, Format Version 12.00
# Visual Studio Version 16
VisualStudioVersion = 16.0.30114.105
MinimumVisualStudioVersion = 10.0.40219.1
Project("{9A19103F-16F7-4668-BE54-9A1E7A4F7556}") = "1.Demo.RabbitMQ.Basic.Produce", "src\Basic\Demo.RabbitMQ.Basic.Produce\1.Demo.RabbitMQ.Basic.Produce.csproj", "{7F17C960-D769-48EC-8F00-F2BAE7A9B8E2}"
EndProject
Project("{9A19103F-16F7-4668-BE54-9A1E7A4F7556}") = "2.Demo.RabbitMQ.Basic.Consumer.AutoAck", "src\Basic\Demo.RabbitMQ.Basic.Consumer.AutoAck\2.Demo.RabbitMQ.Basic.Consumer.AutoAck.csproj", "{F75EB844-A405-492B-B7CC-0928113FA463}"
EndProject
Project("{2150E333-8FDC-42A3-9474-1A3956D46DE8}") = "1.Project", "1.Project", "{E0709FC2-5272-4D80-BB9E-40F25FA8A0CB}"
	ProjectSection(SolutionItems) = preProject
		.gitignore = .gitignore
		global.json = global.json
		LICENSE = LICENSE
		README.md = README.md
	EndProjectSection
EndProject
Project("{2150E333-8FDC-42A3-9474-1A3956D46DE8}") = "2.Basic", "2.Basic", "{BC6FF575-B631-4ACE-A463-19C89D231811}"
EndProject
Project("{9A19103F-16F7-4668-BE54-9A1E7A4F7556}") = "3.Demo.RabbitMQ.Basic.Consumer.ManualAck", "src\Basic\Demo.RabbitMQ.Basic.Consumer.ManualAck\3.Demo.RabbitMQ.Basic.Consumer.ManualAck.csproj", "{D02AD056-23F4-4449-B6EE-BBC7A1F06E4E}"
EndProject
Project("{2150E333-8FDC-42A3-9474-1A3956D46DE8}") = "3.Fanout", "3.Fanout", "{CD75BE0F-E17F-48D1-B764-B5A14BADE1CE}"
EndProject
Project("{9A19103F-16F7-4668-BE54-9A1E7A4F7556}") = "1.Demo.RabbitMQ.Fanout.Produce", "src\Fanout\Demo.RabbitMQ.Fanout.Produce\1.Demo.RabbitMQ.Fanout.Produce.csproj", "{CB5ACED5-69DA-4163-BB02-BB82FCD9B47C}"
EndProject
Project("{9A19103F-16F7-4668-BE54-9A1E7A4F7556}") = "2.Demo.RabbitMQ.Fanout.Consumer.SaveEvents", "src\Fanout\Demo.RabbitMQ.Fanout.Consumer.SaveEvents\2.Demo.RabbitMQ.Fanout.Consumer.SaveEvents.csproj", "{AC57DFD5-882B-4A45-A45E-7BE3509CCE54}"
EndProject
Project("{9A19103F-16F7-4668-BE54-9A1E7A4F7556}") = "3.Demo.RabbitMQ.Fanout.Consumer.SendNotifications", "src\Fanout\Demo.RabbitMQ.Fanout.Consumer.SendNotifications\3.Demo.RabbitMQ.Fanout.Consumer.SendNotifications.csproj", "{D51CFDDF-C6CE-46D0-977E-1E223F9DF5EC}"
EndProject
Project("{2150E333-8FDC-42A3-9474-1A3956D46DE8}") = "4.Direct", "4.Direct", "{DC0ACA6D-2258-4DB5-A80B-7FC5A2E6D8A9}"
EndProject
Project("{9A19103F-16F7-4668-BE54-9A1E7A4F7556}") = "1.Demo.RabbitMQ.Direct.Produce", "src\Direct\Demo.RabbitMQ.Direct.Produce\1.Demo.RabbitMQ.Direct.Produce.csproj", "{7D019C97-AE0E-4F7E-8FDF-187CC48B46F8}"
EndProject
Project("{9A19103F-16F7-4668-BE54-9A1E7A4F7556}") = "2.Demo.RabbitMQ.Direct.Consumer.Cart", "src\Direct\Demo.RabbitMQ.Direct.Consumer.Cart\2.Demo.RabbitMQ.Direct.Consumer.Cart.csproj", "{91C72A2A-BBFD-480A-BBDD-FB9917755D80}"
EndProject
Project("{9A19103F-16F7-4668-BE54-9A1E7A4F7556}") = "3.Demo.RabbitMQ.Direct.Consumer.Notifications", "src\Direct\Demo.RabbitMQ.Direct.Consumer.Notifications\3.Demo.RabbitMQ.Direct.Consumer.Notifications.csproj", "{588E0A38-A4C3-4940-85EC-17F824A9CA4E}"
EndProject
Project("{2150E333-8FDC-42A3-9474-1A3956D46DE8}") = "5.Topic", "5.Topic", "{B271CA8B-6068-4DBD-95E5-A809B855EB9F}"
EndProject
Project("{9A19103F-16F7-4668-BE54-9A1E7A4F7556}") = "1.Demo.RabbitMQ.Topic.Produce", "src\Topic\Demo.RabbitMQ.Topic.Produce\1.Demo.RabbitMQ.Topic.Produce.csproj", "{B1B75268-1129-4452-A392-16B281C7485D}"
EndProject
Project("{9A19103F-16F7-4668-BE54-9A1E7A4F7556}") = "2.Demo.RabbitMQ.Topic.Consumer.SMS", "src\Topic\Demo.RabbitMQ.Topic.Consumer.SMS\2.Demo.RabbitMQ.Topic.Consumer.SMS.csproj", "{96939164-4231-451D-8709-BA27EAD5892E}"
EndProject
Project("{9A19103F-16F7-4668-BE54-9A1E7A4F7556}") = "3.Demo.RabbitMQ.Topic.Consumer.Push", "src\Topic\Demo.RabbitMQ.Topic.Consumer.Push\3.Demo.RabbitMQ.Topic.Consumer.Push.csproj", "{666F24C4-B529-4931-A361-6C786D878FF6}"
EndProject
Project("{9A19103F-16F7-4668-BE54-9A1E7A4F7556}") = "4.Demo.RabbitMQ.Basic.Consumer.BasicQoS", "src\Basic\Demo.RabbitMQ.Basic.Consumer.BasicQoS\4.Demo.RabbitMQ.Basic.Consumer.BasicQoS.csproj", "{175C1D1B-9ED0-4C56-AB7B-83DF96A85F78}"
EndProject
Project("{2150E333-8FDC-42A3-9474-1A3956D46DE8}") = "6.MultiChannel", "6.MultiChannel", "{8F25DC06-7C46-457B-8501-F1DBCC56B40E}"
EndProject
Project("{9A19103F-16F7-4668-BE54-9A1E7A4F7556}") = "1.Demo.RabbitMQ.MultiChannel.Produce", "src\MultiChannel\Demo.RabbitMQ.MultiChannel.Produce\1.Demo.RabbitMQ.MultiChannel.Produce.csproj", "{D55D2B15-23CD-479A-9311-385C6232D05F}"
EndProject
Project("{9A19103F-16F7-4668-BE54-9A1E7A4F7556}") = "2.Demo.RabbitMQ.MultiChannel.Consumer.SameChannel", "src\MultiChannel\Demo.RabbitMQ.MultiChannel.Consumer.SameChannel\2.Demo.RabbitMQ.MultiChannel.Consumer.SameChannel.csproj", "{821E054A-C83D-40F7-8733-CF631997222F}"
EndProject
Project("{9A19103F-16F7-4668-BE54-9A1E7A4F7556}") = "3.Demo.RabbitMQ.MultiChannel.Consumer.MultiChannel", "src\MultiChannel\Demo.RabbitMQ.MultiChannel.Consumer.MultiChannel\3.Demo.RabbitMQ.MultiChannel.Consumer.MultiChannel.csproj", "{43876161-1C0C-4281-A6A8-6BFB326F4487}"
EndProject
Global
	GlobalSection(SolutionConfigurationPlatforms) = preSolution
		Debug|Any CPU = Debug|Any CPU
		Debug|x64 = Debug|x64
		Debug|x86 = Debug|x86
		Release|Any CPU = Release|Any CPU
		Release|x64 = Release|x64
		Release|x86 = Release|x86
	EndGlobalSection
	GlobalSection(ProjectConfigurationPlatforms) = postSolution
		{7F17C960-D769-48EC-8F00-F2BAE7A9B8E2}.Debug|Any CPU.ActiveCfg = Debug|Any CPU
		{7F17C960-D769-48EC-8F00-F2BAE7A9B8E2}.Debug|Any CPU.Build.0 = Debug|Any CPU
		{7F17C960-D769-48EC-8F00-F2BAE7A9B8E2}.Debug|x64.ActiveCfg = Debug|Any CPU
		{7F17C960-D769-48EC-8F00-F2BAE7A9B8E2}.Debug|x64.Build.0 = Debug|Any CPU
		{7F17C960-D769-48EC-8F00-F2BAE7A9B8E2}.Debug|x86.ActiveCfg = Debug|Any CPU
		{7F17C960-D769-48EC-8F00-F2BAE7A9B8E2}.Debug|x86.Build.0 = Debug|Any CPU
		{7F17C960-D769-48EC-8F00-F2BAE7A9B8E2}.Release|Any CPU.ActiveCfg = Release|Any CPU
		{7F17C960-D769-48EC-8F00-F2BAE7A9B8E2}.Release|Any CPU.Build.0 = Release|Any CPU
		{7F17C960-D769-48EC-8F00-F2BAE7A9B8E2}.Release|x64.ActiveCfg = Release|Any CPU
		{7F17C960-D769-48EC-8F00-F2BAE7A9B8E2}.Release|x64.Build.0 = Release|Any CPU
		{7F17C960-D769-48EC-8F00-F2BAE7A9B8E2}.Release|x86.ActiveCfg = Release|Any CPU
		{7F17C960-D769-48EC-8F00-F2BAE7A9B8E2}.Release|x86.Build.0 = Release|Any CPU
		{F75EB844-A405-492B-B7CC-0928113FA463}.Debug|Any CPU.ActiveCfg = Debug|Any CPU
		{F75EB844-A405-492B-B7CC-0928113FA463}.Debug|Any CPU.Build.0 = Debug|Any CPU
		{F75EB844-A405-492B-B7CC-0928113FA463}.Debug|x64.ActiveCfg = Debug|Any CPU
		{F75EB844-A405-492B-B7CC-0928113FA463}.Debug|x64.Build.0 = Debug|Any CPU
		{F75EB844-A405-492B-B7CC-0928113FA463}.Debug|x86.ActiveCfg = Debug|Any CPU
		{F75EB844-A405-492B-B7CC-0928113FA463}.Debug|x86.Build.0 = Debug|Any CPU
		{F75EB844-A405-492B-B7CC-0928113FA463}.Release|Any CPU.ActiveCfg = Release|Any CPU
		{F75EB844-A405-492B-B7CC-0928113FA463}.Release|Any CPU.Build.0 = Release|Any CPU
		{F75EB844-A405-492B-B7CC-0928113FA463}.Release|x64.ActiveCfg = Release|Any CPU
		{F75EB844-A405-492B-B7CC-0928113FA463}.Release|x64.Build.0 = Release|Any CPU
		{F75EB844-A405-492B-B7CC-0928113FA463}.Release|x86.ActiveCfg = Release|Any CPU
		{F75EB844-A405-492B-B7CC-0928113FA463}.Release|x86.Build.0 = Release|Any CPU
		{D02AD056-23F4-4449-B6EE-BBC7A1F06E4E}.Debug|Any CPU.ActiveCfg = Debug|Any CPU
		{D02AD056-23F4-4449-B6EE-BBC7A1F06E4E}.Debug|Any CPU.Build.0 = Debug|Any CPU
		{D02AD056-23F4-4449-B6EE-BBC7A1F06E4E}.Debug|x64.ActiveCfg = Debug|Any CPU
		{D02AD056-23F4-4449-B6EE-BBC7A1F06E4E}.Debug|x64.Build.0 = Debug|Any CPU
		{D02AD056-23F4-4449-B6EE-BBC7A1F06E4E}.Debug|x86.ActiveCfg = Debug|Any CPU
		{D02AD056-23F4-4449-B6EE-BBC7A1F06E4E}.Debug|x86.Build.0 = Debug|Any CPU
		{D02AD056-23F4-4449-B6EE-BBC7A1F06E4E}.Release|Any CPU.ActiveCfg = Release|Any CPU
		{D02AD056-23F4-4449-B6EE-BBC7A1F06E4E}.Release|Any CPU.Build.0 = Release|Any CPU
		{D02AD056-23F4-4449-B6EE-BBC7A1F06E4E}.Release|x64.ActiveCfg = Release|Any CPU
		{D02AD056-23F4-4449-B6EE-BBC7A1F06E4E}.Release|x64.Build.0 = Release|Any CPU
		{D02AD056-23F4-4449-B6EE-BBC7A1F06E4E}.Release|x86.ActiveCfg = Release|Any CPU
		{D02AD056-23F4-4449-B6EE-BBC7A1F06E4E}.Release|x86.Build.0 = Release|Any CPU
		{CB5ACED5-69DA-4163-BB02-BB82FCD9B47C}.Debug|Any CPU.ActiveCfg = Debug|Any CPU
		{CB5ACED5-69DA-4163-BB02-BB82FCD9B47C}.Debug|Any CPU.Build.0 = Debug|Any CPU
		{CB5ACED5-69DA-4163-BB02-BB82FCD9B47C}.Debug|x64.ActiveCfg = Debug|Any CPU
		{CB5ACED5-69DA-4163-BB02-BB82FCD9B47C}.Debug|x64.Build.0 = Debug|Any CPU
		{CB5ACED5-69DA-4163-BB02-BB82FCD9B47C}.Debug|x86.ActiveCfg = Debug|Any CPU
		{CB5ACED5-69DA-4163-BB02-BB82FCD9B47C}.Debug|x86.Build.0 = Debug|Any CPU
		{CB5ACED5-69DA-4163-BB02-BB82FCD9B47C}.Release|Any CPU.ActiveCfg = Release|Any CPU
		{CB5ACED5-69DA-4163-BB02-BB82FCD9B47C}.Release|Any CPU.Build.0 = Release|Any CPU
		{CB5ACED5-69DA-4163-BB02-BB82FCD9B47C}.Release|x64.ActiveCfg = Release|Any CPU
		{CB5ACED5-69DA-4163-BB02-BB82FCD9B47C}.Release|x64.Build.0 = Release|Any CPU
		{CB5ACED5-69DA-4163-BB02-BB82FCD9B47C}.Release|x86.ActiveCfg = Release|Any CPU
		{CB5ACED5-69DA-4163-BB02-BB82FCD9B47C}.Release|x86.Build.0 = Release|Any CPU
		{AC57DFD5-882B-4A45-A45E-7BE3509CCE54}.Debug|Any CPU.ActiveCfg = Debug|Any CPU
		{AC57DFD5-882B-4A45-A45E-7BE3509CCE54}.Debug|Any CPU.Build.0 = Debug|Any CPU
		{AC57DFD5-882B-4A45-A45E-7BE3509CCE54}.Debug|x64.ActiveCfg = Debug|Any CPU
		{AC57DFD5-882B-4A45-A45E-7BE3509CCE54}.Debug|x64.Build.0 = Debug|Any CPU
		{AC57DFD5-882B-4A45-A45E-7BE3509CCE54}.Debug|x86.ActiveCfg = Debug|Any CPU
		{AC57DFD5-882B-4A45-A45E-7BE3509CCE54}.Debug|x86.Build.0 = Debug|Any CPU
		{AC57DFD5-882B-4A45-A45E-7BE3509CCE54}.Release|Any CPU.ActiveCfg = Release|Any CPU
		{AC57DFD5-882B-4A45-A45E-7BE3509CCE54}.Release|Any CPU.Build.0 = Release|Any CPU
		{AC57DFD5-882B-4A45-A45E-7BE3509CCE54}.Release|x64.ActiveCfg = Release|Any CPU
		{AC57DFD5-882B-4A45-A45E-7BE3509CCE54}.Release|x64.Build.0 = Release|Any CPU
		{AC57DFD5-882B-4A45-A45E-7BE3509CCE54}.Release|x86.ActiveCfg = Release|Any CPU
		{AC57DFD5-882B-4A45-A45E-7BE3509CCE54}.Release|x86.Build.0 = Release|Any CPU
		{D51CFDDF-C6CE-46D0-977E-1E223F9DF5EC}.Debug|Any CPU.ActiveCfg = Debug|Any CPU
		{D51CFDDF-C6CE-46D0-977E-1E223F9DF5EC}.Debug|Any CPU.Build.0 = Debug|Any CPU
		{D51CFDDF-C6CE-46D0-977E-1E223F9DF5EC}.Debug|x64.ActiveCfg = Debug|Any CPU
		{D51CFDDF-C6CE-46D0-977E-1E223F9DF5EC}.Debug|x64.Build.0 = Debug|Any CPU
		{D51CFDDF-C6CE-46D0-977E-1E223F9DF5EC}.Debug|x86.ActiveCfg = Debug|Any CPU
		{D51CFDDF-C6CE-46D0-977E-1E223F9DF5EC}.Debug|x86.Build.0 = Debug|Any CPU
		{D51CFDDF-C6CE-46D0-977E-1E223F9DF5EC}.Release|Any CPU.ActiveCfg = Release|Any CPU
		{D51CFDDF-C6CE-46D0-977E-1E223F9DF5EC}.Release|Any CPU.Build.0 = Release|Any CPU
		{D51CFDDF-C6CE-46D0-977E-1E223F9DF5EC}.Release|x64.ActiveCfg = Release|Any CPU
		{D51CFDDF-C6CE-46D0-977E-1E223F9DF5EC}.Release|x64.Build.0 = Release|Any CPU
		{D51CFDDF-C6CE-46D0-977E-1E223F9DF5EC}.Release|x86.ActiveCfg = Release|Any CPU
		{D51CFDDF-C6CE-46D0-977E-1E223F9DF5EC}.Release|x86.Build.0 = Release|Any CPU
		{7D019C97-AE0E-4F7E-8FDF-187CC48B46F8}.Debug|Any CPU.ActiveCfg = Debug|Any CPU
		{7D019C97-AE0E-4F7E-8FDF-187CC48B46F8}.Debug|Any CPU.Build.0 = Debug|Any CPU
		{7D019C97-AE0E-4F7E-8FDF-187CC48B46F8}.Debug|x64.ActiveCfg = Debug|Any CPU
		{7D019C97-AE0E-4F7E-8FDF-187CC48B46F8}.Debug|x64.Build.0 = Debug|Any CPU
		{7D019C97-AE0E-4F7E-8FDF-187CC48B46F8}.Debug|x86.ActiveCfg = Debug|Any CPU
		{7D019C97-AE0E-4F7E-8FDF-187CC48B46F8}.Debug|x86.Build.0 = Debug|Any CPU
		{7D019C97-AE0E-4F7E-8FDF-187CC48B46F8}.Release|Any CPU.ActiveCfg = Release|Any CPU
		{7D019C97-AE0E-4F7E-8FDF-187CC48B46F8}.Release|Any CPU.Build.0 = Release|Any CPU
		{7D019C97-AE0E-4F7E-8FDF-187CC48B46F8}.Release|x64.ActiveCfg = Release|Any CPU
		{7D019C97-AE0E-4F7E-8FDF-187CC48B46F8}.Release|x64.Build.0 = Release|Any CPU
		{7D019C97-AE0E-4F7E-8FDF-187CC48B46F8}.Release|x86.ActiveCfg = Release|Any CPU
		{7D019C97-AE0E-4F7E-8FDF-187CC48B46F8}.Release|x86.Build.0 = Release|Any CPU
		{91C72A2A-BBFD-480A-BBDD-FB9917755D80}.Debug|Any CPU.ActiveCfg = Debug|Any CPU
		{91C72A2A-BBFD-480A-BBDD-FB9917755D80}.Debug|Any CPU.Build.0 = Debug|Any CPU
		{91C72A2A-BBFD-480A-BBDD-FB9917755D80}.Debug|x64.ActiveCfg = Debug|Any CPU
		{91C72A2A-BBFD-480A-BBDD-FB9917755D80}.Debug|x64.Build.0 = Debug|Any CPU
		{91C72A2A-BBFD-480A-BBDD-FB9917755D80}.Debug|x86.ActiveCfg = Debug|Any CPU
		{91C72A2A-BBFD-480A-BBDD-FB9917755D80}.Debug|x86.Build.0 = Debug|Any CPU
		{91C72A2A-BBFD-480A-BBDD-FB9917755D80}.Release|Any CPU.ActiveCfg = Release|Any CPU
		{91C72A2A-BBFD-480A-BBDD-FB9917755D80}.Release|Any CPU.Build.0 = Release|Any CPU
		{91C72A2A-BBFD-480A-BBDD-FB9917755D80}.Release|x64.ActiveCfg = Release|Any CPU
		{91C72A2A-BBFD-480A-BBDD-FB9917755D80}.Release|x64.Build.0 = Release|Any CPU
		{91C72A2A-BBFD-480A-BBDD-FB9917755D80}.Release|x86.ActiveCfg = Release|Any CPU
		{91C72A2A-BBFD-480A-BBDD-FB9917755D80}.Release|x86.Build.0 = Release|Any CPU
		{588E0A38-A4C3-4940-85EC-17F824A9CA4E}.Debug|Any CPU.ActiveCfg = Debug|Any CPU
		{588E0A38-A4C3-4940-85EC-17F824A9CA4E}.Debug|Any CPU.Build.0 = Debug|Any CPU
		{588E0A38-A4C3-4940-85EC-17F824A9CA4E}.Debug|x64.ActiveCfg = Debug|Any CPU
		{588E0A38-A4C3-4940-85EC-17F824A9CA4E}.Debug|x64.Build.0 = Debug|Any CPU
		{588E0A38-A4C3-4940-85EC-17F824A9CA4E}.Debug|x86.ActiveCfg = Debug|Any CPU
		{588E0A38-A4C3-4940-85EC-17F824A9CA4E}.Debug|x86.Build.0 = Debug|Any CPU
		{588E0A38-A4C3-4940-85EC-17F824A9CA4E}.Release|Any CPU.ActiveCfg = Release|Any CPU
		{588E0A38-A4C3-4940-85EC-17F824A9CA4E}.Release|Any CPU.Build.0 = Release|Any CPU
		{588E0A38-A4C3-4940-85EC-17F824A9CA4E}.Release|x64.ActiveCfg = Release|Any CPU
		{588E0A38-A4C3-4940-85EC-17F824A9CA4E}.Release|x64.Build.0 = Release|Any CPU
		{588E0A38-A4C3-4940-85EC-17F824A9CA4E}.Release|x86.ActiveCfg = Release|Any CPU
		{588E0A38-A4C3-4940-85EC-17F824A9CA4E}.Release|x86.Build.0 = Release|Any CPU
		{B1B75268-1129-4452-A392-16B281C7485D}.Debug|Any CPU.ActiveCfg = Debug|Any CPU
		{B1B75268-1129-4452-A392-16B281C7485D}.Debug|Any CPU.Build.0 = Debug|Any CPU
		{B1B75268-1129-4452-A392-16B281C7485D}.Debug|x64.ActiveCfg = Debug|Any CPU
		{B1B75268-1129-4452-A392-16B281C7485D}.Debug|x64.Build.0 = Debug|Any CPU
		{B1B75268-1129-4452-A392-16B281C7485D}.Debug|x86.ActiveCfg = Debug|Any CPU
		{B1B75268-1129-4452-A392-16B281C7485D}.Debug|x86.Build.0 = Debug|Any CPU
		{B1B75268-1129-4452-A392-16B281C7485D}.Release|Any CPU.ActiveCfg = Release|Any CPU
		{B1B75268-1129-4452-A392-16B281C7485D}.Release|Any CPU.Build.0 = Release|Any CPU
		{B1B75268-1129-4452-A392-16B281C7485D}.Release|x64.ActiveCfg = Release|Any CPU
		{B1B75268-1129-4452-A392-16B281C7485D}.Release|x64.Build.0 = Release|Any CPU
		{B1B75268-1129-4452-A392-16B281C7485D}.Release|x86.ActiveCfg = Release|Any CPU
		{B1B75268-1129-4452-A392-16B281C7485D}.Release|x86.Build.0 = Release|Any CPU
		{96939164-4231-451D-8709-BA27EAD5892E}.Debug|Any CPU.ActiveCfg = Debug|Any CPU
		{96939164-4231-451D-8709-BA27EAD5892E}.Debug|Any CPU.Build.0 = Debug|Any CPU
		{96939164-4231-451D-8709-BA27EAD5892E}.Debug|x64.ActiveCfg = Debug|Any CPU
		{96939164-4231-451D-8709-BA27EAD5892E}.Debug|x64.Build.0 = Debug|Any CPU
		{96939164-4231-451D-8709-BA27EAD5892E}.Debug|x86.ActiveCfg = Debug|Any CPU
		{96939164-4231-451D-8709-BA27EAD5892E}.Debug|x86.Build.0 = Debug|Any CPU
		{96939164-4231-451D-8709-BA27EAD5892E}.Release|Any CPU.ActiveCfg = Release|Any CPU
		{96939164-4231-451D-8709-BA27EAD5892E}.Release|Any CPU.Build.0 = Release|Any CPU
		{96939164-4231-451D-8709-BA27EAD5892E}.Release|x64.ActiveCfg = Release|Any CPU
		{96939164-4231-451D-8709-BA27EAD5892E}.Release|x64.Build.0 = Release|Any CPU
		{96939164-4231-451D-8709-BA27EAD5892E}.Release|x86.ActiveCfg = Release|Any CPU
		{96939164-4231-451D-8709-BA27EAD5892E}.Release|x86.Build.0 = Release|Any CPU
		{666F24C4-B529-4931-A361-6C786D878FF6}.Debug|Any CPU.ActiveCfg = Debug|Any CPU
		{666F24C4-B529-4931-A361-6C786D878FF6}.Debug|Any CPU.Build.0 = Debug|Any CPU
		{666F24C4-B529-4931-A361-6C786D878FF6}.Debug|x64.ActiveCfg = Debug|Any CPU
		{666F24C4-B529-4931-A361-6C786D878FF6}.Debug|x64.Build.0 = Debug|Any CPU
		{666F24C4-B529-4931-A361-6C786D878FF6}.Debug|x86.ActiveCfg = Debug|Any CPU
		{666F24C4-B529-4931-A361-6C786D878FF6}.Debug|x86.Build.0 = Debug|Any CPU
		{666F24C4-B529-4931-A361-6C786D878FF6}.Release|Any CPU.ActiveCfg = Release|Any CPU
		{666F24C4-B529-4931-A361-6C786D878FF6}.Release|Any CPU.Build.0 = Release|Any CPU
		{666F24C4-B529-4931-A361-6C786D878FF6}.Release|x64.ActiveCfg = Release|Any CPU
		{666F24C4-B529-4931-A361-6C786D878FF6}.Release|x64.Build.0 = Release|Any CPU
		{666F24C4-B529-4931-A361-6C786D878FF6}.Release|x86.ActiveCfg = Release|Any CPU
		{666F24C4-B529-4931-A361-6C786D878FF6}.Release|x86.Build.0 = Release|Any CPU
		{175C1D1B-9ED0-4C56-AB7B-83DF96A85F78}.Debug|Any CPU.ActiveCfg = Debug|Any CPU
		{175C1D1B-9ED0-4C56-AB7B-83DF96A85F78}.Debug|Any CPU.Build.0 = Debug|Any CPU
		{175C1D1B-9ED0-4C56-AB7B-83DF96A85F78}.Debug|x64.ActiveCfg = Debug|Any CPU
		{175C1D1B-9ED0-4C56-AB7B-83DF96A85F78}.Debug|x64.Build.0 = Debug|Any CPU
		{175C1D1B-9ED0-4C56-AB7B-83DF96A85F78}.Debug|x86.ActiveCfg = Debug|Any CPU
		{175C1D1B-9ED0-4C56-AB7B-83DF96A85F78}.Debug|x86.Build.0 = Debug|Any CPU
		{175C1D1B-9ED0-4C56-AB7B-83DF96A85F78}.Release|Any CPU.ActiveCfg = Release|Any CPU
		{175C1D1B-9ED0-4C56-AB7B-83DF96A85F78}.Release|Any CPU.Build.0 = Release|Any CPU
		{175C1D1B-9ED0-4C56-AB7B-83DF96A85F78}.Release|x64.ActiveCfg = Release|Any CPU
		{175C1D1B-9ED0-4C56-AB7B-83DF96A85F78}.Release|x64.Build.0 = Release|Any CPU
		{175C1D1B-9ED0-4C56-AB7B-83DF96A85F78}.Release|x86.ActiveCfg = Release|Any CPU
		{175C1D1B-9ED0-4C56-AB7B-83DF96A85F78}.Release|x86.Build.0 = Release|Any CPU
		{D55D2B15-23CD-479A-9311-385C6232D05F}.Debug|Any CPU.ActiveCfg = Debug|Any CPU
		{D55D2B15-23CD-479A-9311-385C6232D05F}.Debug|Any CPU.Build.0 = Debug|Any CPU
		{D55D2B15-23CD-479A-9311-385C6232D05F}.Debug|x64.ActiveCfg = Debug|Any CPU
		{D55D2B15-23CD-479A-9311-385C6232D05F}.Debug|x64.Build.0 = Debug|Any CPU
		{D55D2B15-23CD-479A-9311-385C6232D05F}.Debug|x86.ActiveCfg = Debug|Any CPU
		{D55D2B15-23CD-479A-9311-385C6232D05F}.Debug|x86.Build.0 = Debug|Any CPU
		{D55D2B15-23CD-479A-9311-385C6232D05F}.Release|Any CPU.ActiveCfg = Release|Any CPU
		{D55D2B15-23CD-479A-9311-385C6232D05F}.Release|Any CPU.Build.0 = Release|Any CPU
		{D55D2B15-23CD-479A-9311-385C6232D05F}.Release|x64.ActiveCfg = Release|Any CPU
		{D55D2B15-23CD-479A-9311-385C6232D05F}.Release|x64.Build.0 = Release|Any CPU
		{D55D2B15-23CD-479A-9311-385C6232D05F}.Release|x86.ActiveCfg = Release|Any CPU
		{D55D2B15-23CD-479A-9311-385C6232D05F}.Release|x86.Build.0 = Release|Any CPU
		{821E054A-C83D-40F7-8733-CF631997222F}.Debug|Any CPU.ActiveCfg = Debug|Any CPU
		{821E054A-C83D-40F7-8733-CF631997222F}.Debug|Any CPU.Build.0 = Debug|Any CPU
		{821E054A-C83D-40F7-8733-CF631997222F}.Debug|x64.ActiveCfg = Debug|Any CPU
		{821E054A-C83D-40F7-8733-CF631997222F}.Debug|x64.Build.0 = Debug|Any CPU
		{821E054A-C83D-40F7-8733-CF631997222F}.Debug|x86.ActiveCfg = Debug|Any CPU
		{821E054A-C83D-40F7-8733-CF631997222F}.Debug|x86.Build.0 = Debug|Any CPU
		{821E054A-C83D-40F7-8733-CF631997222F}.Release|Any CPU.ActiveCfg = Release|Any CPU
		{821E054A-C83D-40F7-8733-CF631997222F}.Release|Any CPU.Build.0 = Release|Any CPU
		{821E054A-C83D-40F7-8733-CF631997222F}.Release|x64.ActiveCfg = Release|Any CPU
		{821E054A-C83D-40F7-8733-CF631997222F}.Release|x64.Build.0 = Release|Any CPU
		{821E054A-C83D-40F7-8733-CF631997222F}.Release|x86.ActiveCfg = Release|Any CPU
		{821E054A-C83D-40F7-8733-CF631997222F}.Release|x86.Build.0 = Release|Any CPU
		{43876161-1C0C-4281-A6A8-6BFB326F4487}.Debug|Any CPU.ActiveCfg = Debug|Any CPU
		{43876161-1C0C-4281-A6A8-6BFB326F4487}.Debug|Any CPU.Build.0 = Debug|Any CPU
		{43876161-1C0C-4281-A6A8-6BFB326F4487}.Debug|x64.ActiveCfg = Debug|Any CPU
		{43876161-1C0C-4281-A6A8-6BFB326F4487}.Debug|x64.Build.0 = Debug|Any CPU
		{43876161-1C0C-4281-A6A8-6BFB326F4487}.Debug|x86.ActiveCfg = Debug|Any CPU
		{43876161-1C0C-4281-A6A8-6BFB326F4487}.Debug|x86.Build.0 = Debug|Any CPU
		{43876161-1C0C-4281-A6A8-6BFB326F4487}.Release|Any CPU.ActiveCfg = Release|Any CPU
		{43876161-1C0C-4281-A6A8-6BFB326F4487}.Release|Any CPU.Build.0 = Release|Any CPU
		{43876161-1C0C-4281-A6A8-6BFB326F4487}.Release|x64.ActiveCfg = Release|Any CPU
		{43876161-1C0C-4281-A6A8-6BFB326F4487}.Release|x64.Build.0 = Release|Any CPU
		{43876161-1C0C-4281-A6A8-6BFB326F4487}.Release|x86.ActiveCfg = Release|Any CPU
		{43876161-1C0C-4281-A6A8-6BFB326F4487}.Release|x86.Build.0 = Release|Any CPU
	EndGlobalSection
	GlobalSection(SolutionProperties) = preSolution
		HideSolutionNode = FALSE
	EndGlobalSection
	GlobalSection(NestedProjects) = preSolution
		{7F17C960-D769-48EC-8F00-F2BAE7A9B8E2} = {BC6FF575-B631-4ACE-A463-19C89D231811}
		{F75EB844-A405-492B-B7CC-0928113FA463} = {BC6FF575-B631-4ACE-A463-19C89D231811}
		{D02AD056-23F4-4449-B6EE-BBC7A1F06E4E} = {BC6FF575-B631-4ACE-A463-19C89D231811}
		{CB5ACED5-69DA-4163-BB02-BB82FCD9B47C} = {CD75BE0F-E17F-48D1-B764-B5A14BADE1CE}
		{AC57DFD5-882B-4A45-A45E-7BE3509CCE54} = {CD75BE0F-E17F-48D1-B764-B5A14BADE1CE}
		{D51CFDDF-C6CE-46D0-977E-1E223F9DF5EC} = {CD75BE0F-E17F-48D1-B764-B5A14BADE1CE}
		{7D019C97-AE0E-4F7E-8FDF-187CC48B46F8} = {DC0ACA6D-2258-4DB5-A80B-7FC5A2E6D8A9}
		{91C72A2A-BBFD-480A-BBDD-FB9917755D80} = {DC0ACA6D-2258-4DB5-A80B-7FC5A2E6D8A9}
		{588E0A38-A4C3-4940-85EC-17F824A9CA4E} = {DC0ACA6D-2258-4DB5-A80B-7FC5A2E6D8A9}
		{B1B75268-1129-4452-A392-16B281C7485D} = {B271CA8B-6068-4DBD-95E5-A809B855EB9F}
		{96939164-4231-451D-8709-BA27EAD5892E} = {B271CA8B-6068-4DBD-95E5-A809B855EB9F}
		{666F24C4-B529-4931-A361-6C786D878FF6} = {B271CA8B-6068-4DBD-95E5-A809B855EB9F}
		{175C1D1B-9ED0-4C56-AB7B-83DF96A85F78} = {BC6FF575-B631-4ACE-A463-19C89D231811}
		{D55D2B15-23CD-479A-9311-385C6232D05F} = {8F25DC06-7C46-457B-8501-F1DBCC56B40E}
		{821E054A-C83D-40F7-8733-CF631997222F} = {8F25DC06-7C46-457B-8501-F1DBCC56B40E}
		{43876161-1C0C-4281-A6A8-6BFB326F4487} = {8F25DC06-7C46-457B-8501-F1DBCC56B40E}
	EndGlobalSection
	GlobalSection(ExtensibilityGlobals) = postSolution
		SolutionGuid = {30BB714B-1872-416E-9CDC-759273876426}
	EndGlobalSection
EndGlobal
